
Microsoft Visual Studio Solution File, Format Version 12.00
# Visual Studio Version 17
VisualStudioVersion = 17.14.36127.28 d17.14
MinimumVisualStudioVersion = 10.0.40219.1
Project("{C9674DCB-5085-4A16-B785-4C70DD1589BD}") = "CDC", "CDC.dtproj", "{B246682A-BE4F-F9E8-04B9-8DDFEE7390DE}"
EndProject
Global
	GlobalSection(SolutionConfigurationPlatforms) = preSolution
		Development|Default = Development|Default
	EndGlobalSection
	GlobalSection(ProjectConfigurationPlatforms) = postSolution
		{B246682A-BE4F-F9E8-04B9-8DDFEE7390DE}.Development|Default.ActiveCfg = Development
		{B246682A-BE4F-F9E8-04B9-8DDFEE7390DE}.Development|Default.Build.0 = Development
	EndGlobalSection
	GlobalSection(SolutionProperties) = preSolution
		HideSolutionNode = FALSE
	EndGlobalSection
	GlobalSection(ExtensibilityGlobals) = postSolution
		SolutionGuid = {80281D1F-6CD9-4AAE-8F85-1EB92BD393B0}
	EndGlobalSection
EndGlobal
