
Microsoft Visual Studio Solution File, Format Version 12.00
# Visual Studio Version 17
VisualStudioVersion = 17.14.36127.28 d17.14
MinimumVisualStudioVersion = 10.0.40219.1
Project("{FAE04EC0-301F-11D3-BF4B-00C04F79EFBC}") = "Arrays", "Arrays.csproj", "{5CA77D42-2BA6-4079-A163-C893BC82CD85}"
EndProject
Global
	GlobalSection(SolutionConfigurationPlatforms) = preSolution
		Debug|Any CPU = Debug|Any CPU
		Release|Any CPU = Release|Any CPU
	EndGlobalSection
	GlobalSection(ProjectConfigurationPlatforms) = postSolution
		{5CA77D42-2BA6-4079-A163-C893BC82CD85}.Debug|Any CPU.ActiveCfg = Debug|Any CPU
		{5CA77D42-2BA6-4079-A163-C893BC82CD85}.Debug|Any CPU.Build.0 = Debug|Any CPU
		{5CA77D42-2BA6-4079-A163-C893BC82CD85}.Release|Any CPU.ActiveCfg = Release|Any CPU
		{5CA77D42-2BA6-4079-A163-C893BC82CD85}.Release|Any CPU.Build.0 = Release|Any CPU
	EndGlobalSection
	GlobalSection(SolutionProperties) = preSolution
		HideSolutionNode = FALSE
	EndGlobalSection
	GlobalSection(ExtensibilityGlobals) = postSolution
		SolutionGuid = {A5DC003E-D49A-4195-A5B1-13B9F1D1F198}
	EndGlobalSection
EndGlobal
