
Microsoft Visual Studio Solution File, Format Version 12.00
# Visual Studio Version 17
VisualStudioVersion = 17.14.36414.22 d17.14
MinimumVisualStudioVersion = 10.0.40219.1
Project("{FAE04EC0-301F-11D3-BF4B-00C04F79EFBC}") = "ZooAPP2", "ZooAPP2.csproj", "{7B89E18E-7FF6-4F16-B92F-E9214C86A3DE}"
EndProject
Global
	GlobalSection(SolutionConfigurationPlatforms) = preSolution
		Debug|Any CPU = Debug|Any CPU
		Release|Any CPU = Release|Any CPU
	EndGlobalSection
	GlobalSection(ProjectConfigurationPlatforms) = postSolution
		{7B89E18E-7FF6-4F16-B92F-E9214C86A3DE}.Debug|Any CPU.ActiveCfg = Debug|Any CPU
		{7B89E18E-7FF6-4F16-B92F-E9214C86A3DE}.Debug|Any CPU.Build.0 = Debug|Any CPU
		{7B89E18E-7FF6-4F16-B92F-E9214C86A3DE}.Release|Any CPU.ActiveCfg = Release|Any CPU
		{7B89E18E-7FF6-4F16-B92F-E9214C86A3DE}.Release|Any CPU.Build.0 = Release|Any CPU
	EndGlobalSection
	GlobalSection(SolutionProperties) = preSolution
		HideSolutionNode = FALSE
	EndGlobalSection
	GlobalSection(ExtensibilityGlobals) = postSolution
		SolutionGuid = {2ACEBF3C-93B4-4ECB-8D06-21E015F3FB96}
	EndGlobalSection
EndGlobal
