
Microsoft Visual Studio Solution File, Format Version 12.00
# Visual Studio Version 17
VisualStudioVersion = 17.14.36414.22 d17.14
MinimumVisualStudioVersion = 10.0.40219.1
Project("{FAE04EC0-301F-11D3-BF4B-00C04F79EFBC}") = "Flight", "Flight.csproj", "{3FA866D2-F2F4-4553-8FDF-4C27591BDF4E}"
EndProject
Project("{FAE04EC0-301F-11D3-BF4B-00C04F79EFBC}") = "Domain.Test", "..\Domain.Test\Domain.Test.csproj", "{8A4C9AB3-74A8-402F-A063-B02D2B8BD1AD}"
EndProject
Project("{FAE04EC0-301F-11D3-BF4B-00C04F79EFBC}") = "Domain", "..\Domain\Domain.csproj", "{9A25465E-C8C9-444E-80E7-44ACDE2C1E65}"
EndProject
Global
	GlobalSection(SolutionConfigurationPlatforms) = preSolution
		Debug|Any CPU = Debug|Any CPU
		Release|Any CPU = Release|Any CPU
	EndGlobalSection
	GlobalSection(ProjectConfigurationPlatforms) = postSolution
		{3FA866D2-F2F4-4553-8FDF-4C27591BDF4E}.Debug|Any CPU.ActiveCfg = Debug|Any CPU
		{3FA866D2-F2F4-4553-8FDF-4C27591BDF4E}.Debug|Any CPU.Build.0 = Debug|Any CPU
		{3FA866D2-F2F4-4553-8FDF-4C27591BDF4E}.Release|Any CPU.ActiveCfg = Release|Any CPU
		{3FA866D2-F2F4-4553-8FDF-4C27591BDF4E}.Release|Any CPU.Build.0 = Release|Any CPU
		{8A4C9AB3-74A8-402F-A063-B02D2B8BD1AD}.Debug|Any CPU.ActiveCfg = Debug|Any CPU
		{8A4C9AB3-74A8-402F-A063-B02D2B8BD1AD}.Debug|Any CPU.Build.0 = Debug|Any CPU
		{8A4C9AB3-74A8-402F-A063-B02D2B8BD1AD}.Release|Any CPU.ActiveCfg = Release|Any CPU
		{8A4C9AB3-74A8-402F-A063-B02D2B8BD1AD}.Release|Any CPU.Build.0 = Release|Any CPU
		{9A25465E-C8C9-444E-80E7-44ACDE2C1E65}.Debug|Any CPU.ActiveCfg = Debug|Any CPU
		{9A25465E-C8C9-444E-80E7-44ACDE2C1E65}.Debug|Any CPU.Build.0 = Debug|Any CPU
		{9A25465E-C8C9-444E-80E7-44ACDE2C1E65}.Release|Any CPU.ActiveCfg = Release|Any CPU
		{9A25465E-C8C9-444E-80E7-44ACDE2C1E65}.Release|Any CPU.Build.0 = Release|Any CPU
	EndGlobalSection
	GlobalSection(SolutionProperties) = preSolution
		HideSolutionNode = FALSE
	EndGlobalSection
	GlobalSection(ExtensibilityGlobals) = postSolution
		SolutionGuid = {5D759BFB-A1CB-4E43-AADC-397CA7DF9E86}
	EndGlobalSection
EndGlobal
