
Microsoft Visual Studio Solution File, Format Version 12.00
# Visual Studio Version 17
VisualStudioVersion = 17.14.36414.22 d17.14
MinimumVisualStudioVersion = 10.0.40219.1
Project("{FAE04EC0-301F-11D3-BF4B-00C04F79EFBC}") = "Generics", "Generics.csproj", "{FF14D137-38AE-4347-9842-008DA1C8C036}"
EndProject
Global
	GlobalSection(SolutionConfigurationPlatforms) = preSolution
		Debug|Any CPU = Debug|Any CPU
		Release|Any CPU = Release|Any CPU
	EndGlobalSection
	GlobalSection(ProjectConfigurationPlatforms) = postSolution
		{FF14D137-38AE-4347-9842-008DA1C8C036}.Debug|Any CPU.ActiveCfg = Debug|Any CPU
		{FF14D137-38AE-4347-9842-008DA1C8C036}.Debug|Any CPU.Build.0 = Debug|Any CPU
		{FF14D137-38AE-4347-9842-008DA1C8C036}.Release|Any CPU.ActiveCfg = Release|Any CPU
		{FF14D137-38AE-4347-9842-008DA1C8C036}.Release|Any CPU.Build.0 = Release|Any CPU
	EndGlobalSection
	GlobalSection(SolutionProperties) = preSolution
		HideSolutionNode = FALSE
	EndGlobalSection
	GlobalSection(ExtensibilityGlobals) = postSolution
		SolutionGuid = {CBE7711D-CF30-4319-A25A-E9FAE3D3CFB2}
	EndGlobalSection
EndGlobal
