
Microsoft Visual Studio Solution File, Format Version 12.00
# Visual Studio Version 17
VisualStudioVersion = 17.14.36127.28 d17.14
MinimumVisualStudioVersion = 10.0.40219.1
Project("{FAE04EC0-301F-11D3-BF4B-00C04F79EFBC}") = "ToDoApp", "ToDoApp.csproj", "{8F0909AB-15C3-4D9F-8203-EBAB84D05F4A}"
EndProject
Global
	GlobalSection(SolutionConfigurationPlatforms) = preSolution
		Debug|Any CPU = Debug|Any CPU
		Release|Any CPU = Release|Any CPU
	EndGlobalSection
	GlobalSection(ProjectConfigurationPlatforms) = postSolution
		{8F0909AB-15C3-4D9F-8203-EBAB84D05F4A}.Debug|Any CPU.ActiveCfg = Debug|Any CPU
		{8F0909AB-15C3-4D9F-8203-EBAB84D05F4A}.Debug|Any CPU.Build.0 = Debug|Any CPU
		{8F0909AB-15C3-4D9F-8203-EBAB84D05F4A}.Release|Any CPU.ActiveCfg = Release|Any CPU
		{8F0909AB-15C3-4D9F-8203-EBAB84D05F4A}.Release|Any CPU.Build.0 = Release|Any CPU
	EndGlobalSection
	GlobalSection(SolutionProperties) = preSolution
		HideSolutionNode = FALSE
	EndGlobalSection
	GlobalSection(ExtensibilityGlobals) = postSolution
		SolutionGuid = {4F512B6B-F9C8-4365-BD79-9AFF02853EC3}
	EndGlobalSection
EndGlobal
