
Microsoft Visual Studio Solution File, Format Version 12.00
# Visual Studio Version 17
VisualStudioVersion = 17.14.36414.22 d17.14
MinimumVisualStudioVersion = 10.0.40219.1
Project("{FAE04EC0-301F-11D3-BF4B-00C04F79EFBC}") = "Threads", "Threads.csproj", "{B2BCF206-C5AB-4E5E-82BF-06237B350041}"
EndProject
Global
	GlobalSection(SolutionConfigurationPlatforms) = preSolution
		Debug|Any CPU = Debug|Any CPU
		Release|Any CPU = Release|Any CPU
	EndGlobalSection
	GlobalSection(ProjectConfigurationPlatforms) = postSolution
		{B2BCF206-C5AB-4E5E-82BF-06237B350041}.Debug|Any CPU.ActiveCfg = Debug|Any CPU
		{B2BCF206-C5AB-4E5E-82BF-06237B350041}.Debug|Any CPU.Build.0 = Debug|Any CPU
		{B2BCF206-C5AB-4E5E-82BF-06237B350041}.Release|Any CPU.ActiveCfg = Release|Any CPU
		{B2BCF206-C5AB-4E5E-82BF-06237B350041}.Release|Any CPU.Build.0 = Release|Any CPU
	EndGlobalSection
	GlobalSection(SolutionProperties) = preSolution
		HideSolutionNode = FALSE
	EndGlobalSection
	GlobalSection(ExtensibilityGlobals) = postSolution
		SolutionGuid = {B6604878-7594-4E0A-A506-1AFAA2FED12B}
	EndGlobalSection
EndGlobal
