
Microsoft Visual Studio Solution File, Format Version 12.00
# Visual Studio Version 17
VisualStudioVersion = 17.14.36127.28 d17.14
MinimumVisualStudioVersion = 10.0.40219.1
Project("{FAE04EC0-301F-11D3-BF4B-00C04F79EFBC}") = "DatabasesApp WPF", "DatabasesApp WPF.csproj", "{8613FDDA-9FE5-46F4-ADF7-6769207333FD}"
EndProject
Global
	GlobalSection(SolutionConfigurationPlatforms) = preSolution
		Debug|Any CPU = Debug|Any CPU
		Release|Any CPU = Release|Any CPU
	EndGlobalSection
	GlobalSection(ProjectConfigurationPlatforms) = postSolution
		{8613FDDA-9FE5-46F4-ADF7-6769207333FD}.Debug|Any CPU.ActiveCfg = Debug|Any CPU
		{8613FDDA-9FE5-46F4-ADF7-6769207333FD}.Debug|Any CPU.Build.0 = Debug|Any CPU
		{8613FDDA-9FE5-46F4-ADF7-6769207333FD}.Release|Any CPU.ActiveCfg = Release|Any CPU
		{8613FDDA-9FE5-46F4-ADF7-6769207333FD}.Release|Any CPU.Build.0 = Release|Any CPU
	EndGlobalSection
	GlobalSection(SolutionProperties) = preSolution
		HideSolutionNode = FALSE
	EndGlobalSection
	GlobalSection(ExtensibilityGlobals) = postSolution
		SolutionGuid = {75BE8C8D-C45A-4D13-9DDB-5580FAE2C871}
	EndGlobalSection
EndGlobal
